
Microsoft Visual Studio Solution File, Format Version 12.00
# Visual Studio 2013
VisualStudioVersion = 12.0.21005.1
MinimumVisualStudioVersion = 10.0.40219.1
Project("{FAE04EC0-301F-11D3-BF4B-00C04F79EFBC}") = "PMS", "PMS\PMS.csproj", "{99A4DEE1-9E8D-4C96-ABDE-5C6D99D7A5A4}"
EndProject
Project("{FAE04EC0-301F-11D3-BF4B-00C04F79EFBC}") = "PMS.DAL", "PMS.DAL\PMS.DAL.csproj", "{FE661A68-C9BC-4F4C-ADCA-870A06D431DD}"
EndProject
Project("{FAE04EC0-301F-11D3-BF4B-00C04F79EFBC}") = "PMS.BLL", "PMS.BLL\PMS.BLL.csproj", "{857D8619-BE31-4C6F-B63A-FCAB07DC29E5}"
EndProject
Global
	GlobalSection(SolutionConfigurationPlatforms) = preSolution
		Debug|Any CPU = Debug|Any CPU
		Release|Any CPU = Release|Any CPU
	EndGlobalSection
	GlobalSection(ProjectConfigurationPlatforms) = postSolution
		{99A4DEE1-9E8D-4C96-ABDE-5C6D99D7A5A4}.Debug|Any CPU.ActiveCfg = Debug|Any CPU
		{99A4DEE1-9E8D-4C96-ABDE-5C6D99D7A5A4}.Debug|Any CPU.Build.0 = Debug|Any CPU
		{99A4DEE1-9E8D-4C96-ABDE-5C6D99D7A5A4}.Release|Any CPU.ActiveCfg = Release|Any CPU
		{99A4DEE1-9E8D-4C96-ABDE-5C6D99D7A5A4}.Release|Any CPU.Build.0 = Release|Any CPU
		{FE661A68-C9BC-4F4C-ADCA-870A06D431DD}.Debug|Any CPU.ActiveCfg = Debug|Any CPU
		{FE661A68-C9BC-4F4C-ADCA-870A06D431DD}.Debug|Any CPU.Build.0 = Debug|Any CPU
		{FE661A68-C9BC-4F4C-ADCA-870A06D431DD}.Release|Any CPU.ActiveCfg = Release|Any CPU
		{FE661A68-C9BC-4F4C-ADCA-870A06D431DD}.Release|Any CPU.Build.0 = Release|Any CPU
		{857D8619-BE31-4C6F-B63A-FCAB07DC29E5}.Debug|Any CPU.ActiveCfg = Debug|Any CPU
		{857D8619-BE31-4C6F-B63A-FCAB07DC29E5}.Debug|Any CPU.Build.0 = Debug|Any CPU
		{857D8619-BE31-4C6F-B63A-FCAB07DC29E5}.Release|Any CPU.ActiveCfg = Release|Any CPU
		{857D8619-BE31-4C6F-B63A-FCAB07DC29E5}.Release|Any CPU.Build.0 = Release|Any CPU
	EndGlobalSection
	GlobalSection(SolutionProperties) = preSolution
		HideSolutionNode = FALSE
	EndGlobalSection
	GlobalSection(ExtensibilityGlobals) = postSolution
		SolutionGuid = {1FBE4C74-21B5-4644-8553-96CF0A9669BF}
	EndGlobalSection
EndGlobal
